
Microsoft Visual Studio Solution File, Format Version 12.00
# Visual Studio Version 17
VisualStudioVersion = 17.2.32616.157
MinimumVisualStudioVersion = 10.0.40219.1
Project("{FAE04EC0-301F-11D3-BF4B-00C04F79EFBC}") = "poker-hand-card-service", "poker-hand-card-service\poker-hand-card-service.csproj", "{4C4FEFEB-D643-4619-A034-6EEE0809BAC7}"
EndProject
Global
	GlobalSection(SolutionConfigurationPlatforms) = preSolution
		Debug|Any CPU = Debug|Any CPU
		Release|Any CPU = Release|Any CPU
	EndGlobalSection
	GlobalSection(ProjectConfigurationPlatforms) = postSolution
		{4C4FEFEB-D643-4619-A034-6EEE0809BAC7}.Debug|Any CPU.ActiveCfg = Debug|Any CPU
		{4C4FEFEB-D643-4619-A034-6EEE0809BAC7}.Debug|Any CPU.Build.0 = Debug|Any CPU
		{4C4FEFEB-D643-4619-A034-6EEE0809BAC7}.Release|Any CPU.ActiveCfg = Release|Any CPU
		{4C4FEFEB-D643-4619-A034-6EEE0809BAC7}.Release|Any CPU.Build.0 = Release|Any CPU
	EndGlobalSection
	GlobalSection(SolutionProperties) = preSolution
		HideSolutionNode = FALSE
	EndGlobalSection
	GlobalSection(ExtensibilityGlobals) = postSolution
		SolutionGuid = {EF15E202-F155-43C8-9CFF-AC142105F257}
	EndGlobalSection
EndGlobal
